{
  "nodes": {
    "nixpkgs": {
      "locked": {
        "lastModified": 1727190658,
        "narHash": "sha256-hO8ullPTzvBvwd+o0dzH8SDbkNcTuUQQhex5LW45heY=",
        "owner": "NixOS",
        "repo": "nixpkgs",
        "rev": "5620491106cfe8c2db0628161b93830d66506ffc",
        "type": "github"
      },
      "original": {
        "owner": "NixOS",
        "ref": "nixos-unstable-small",
        "repo": "nixpkgs",
        "type": "github"
      }
    },
    "root": {
      "inputs": {
        "nixpkgs": "nixpkgs"
      }
    }
  },
  "root": "root",
  "version": 7
}
